<?xml version="1.0" encoding="utf-8"?>
<Project ToolsVersion="4.0" xmlns="http://schemas.microsoft.com/developer/msbuild/2003">
  <ItemGroup>
    <Filter Include="Source Files">
      <UniqueIdentifier>{4FC737F1-C7A5-4376-A066-2A32D752A2FF}</UniqueIdentifier>
      <Extensions>cpp;c;cc;cxx;def;odl;idl;hpj;bat;asm;asmx</Extensions>
    </Filter>
    <Filter Include="Resource Files">
      <UniqueIdentifier>{67DA6AB6-F800-4c08-8B7A-83BB121AAD01}</UniqueIdentifier>
      <Extensions>rc;ico;cur;bmp;dlg;rc2;rct;bin;rgs;gif;jpg;jpeg;jpe;resx;tiff;tif;png;wav;mfcribbon-ms</Extensions>
    </Filter>
    <Filter Include="Engine">
      <UniqueIdentifier>{bb45e3f3-c384-4ad5-b301-9c6a2ac8f0de}</UniqueIdentifier>
    </Filter>
    <Filter Include="Application">
      <UniqueIdentifier>{d9c35b17-1e69-4381-80fe-62f4ab77214d}</UniqueIdentifier>
    </Filter>
    <Filter Include="Timer">
      <UniqueIdentifier>{ce116cde-e57f-4eec-a081-d0fa24921c3b}</UniqueIdentifier>
    </Filter>
    <Filter Include="Application\Input">
      <UniqueIdentifier>{5b313fad-b92a-4407-9c03-c52e5a3b0d7f}</UniqueIdentifier>
    </Filter>
    <Filter Include="Graphics">
      <UniqueIdentifier>{0640d835-3e04-4bd3-8c39-4ceda8aab52b}</UniqueIdentifier>
    </Filter>
    <Filter Include="Object">
      <UniqueIdentifier>{1601adb8-666a-425a-b20e-aa40461f81c3}</UniqueIdentifier>
    </Filter>
    <Filter Include="Object\Transform">
      <UniqueIdentifier>{227be98f-ae60-4cc6-ac25-6791d6093299}</UniqueIdentifier>
    </Filter>
    <Filter Include="Factory">
      <UniqueIdentifier>{2ea66733-dd6e-4159-98b2-00c94fbb8c1a}</UniqueIdentifier>
    </Filter>
    <Filter Include="Physics">
      <UniqueIdentifier>{3aa92c25-d3ac-4278-adff-62f8497dff20}</UniqueIdentifier>
    </Filter>
    <Filter Include="Statemanager">
      <UniqueIdentifier>{79495d98-9abb-42a9-af1d-3feea730f435}</UniqueIdentifier>
    </Filter>
    <Filter Include="Imgui">
      <UniqueIdentifier>{e6aeaa2d-eaa6-43f9-bdee-49f2a93217c6}</UniqueIdentifier>
    </Filter>
    <Filter Include="SoundManager">
      <UniqueIdentifier>{a517cae8-e44d-4a37-8777-0a6836bac61b}</UniqueIdentifier>
    </Filter>
    <Filter Include="JSON">
      <UniqueIdentifier>{94b0fbfb-d526-488e-9585-4ad25deac4c2}</UniqueIdentifier>
    </Filter>
    <Filter Include="Object\Button">
      <UniqueIdentifier>{df13281d-ec4e-4af0-b82c-534b296b8f4f}</UniqueIdentifier>
    </Filter>
    <Filter Include="LevelManager">
      <UniqueIdentifier>{0f2ff575-a974-460f-bfc1-4338ed4ca962}</UniqueIdentifier>
    </Filter>
    <Filter Include="Graphics\Shader">
      <UniqueIdentifier>{ad1feb70-2aa3-4325-94e2-a7df8a288083}</UniqueIdentifier>
    </Filter>
    <Filter Include="Graphics\Camera">
      <UniqueIdentifier>{145eee99-a595-4a6e-88e8-05bdfc52218c}</UniqueIdentifier>
    </Filter>
    <Filter Include="IMGUIDEBUG">
      <UniqueIdentifier>{fc1edec9-4319-46b7-95ce-f07621b68b1a}</UniqueIdentifier>
    </Filter>
    <Filter Include="Graphics\Particle">
      <UniqueIdentifier>{b5557283-f369-4571-aaa4-5774231e805d}</UniqueIdentifier>
    </Filter>
  </ItemGroup>
  <ItemGroup>
    <ClCompile Include="vector3.cpp">
      <Filter>Source Files</Filter>
    </ClCompile>
    <ClCompile Include="engine.cpp">
      <Filter>Engine</Filter>
    </ClCompile>
    <ClCompile Include="Application.cpp">
      <Filter>Application</Filter>
    </ClCompile>
    <ClCompile Include="Input.cpp">
      <Filter>Application\Input</Filter>
    </ClCompile>
    <ClCompile Include="Mat44.cpp">
      <Filter>Source Files</Filter>
    </ClCompile>
    <ClCompile Include="Graphics.cpp">
      <Filter>Graphics</Filter>
    </ClCompile>
    <ClCompile Include="Object.cpp">
      <Filter>Object</Filter>
    </ClCompile>
    <ClCompile Include="Factory.cpp">
      <Filter>Factory</Filter>
    </ClCompile>
    <ClCompile Include="Physics.cpp">
      <Filter>Physics</Filter>
    </ClCompile>
    <ClCompile Include="Body.cpp">
      <Filter>Physics</Filter>
    </ClCompile>
    <ClCompile Include="StateManager.cpp">
      <Filter>Statemanager</Filter>
    </ClCompile>
    <ClCompile Include="BaseStage.cpp">
      <Filter>Statemanager</Filter>
    </ClCompile>
    <ClCompile Include="imgui.cpp">
      <Filter>Imgui</Filter>
    </ClCompile>
    <ClCompile Include="imgui_demo.cpp">
      <Filter>Imgui</Filter>
    </ClCompile>
    <ClCompile Include="imgui_draw.cpp">
      <Filter>Imgui</Filter>
    </ClCompile>
    <ClCompile Include="imgui_impl_sdl_gl3.cpp">
      <Filter>Imgui</Filter>
    </ClCompile>
    <ClCompile Include="Soundmanager.cpp">
      <Filter>SoundManager</Filter>
    </ClCompile>
    <ClCompile Include="Button.cpp">
      <Filter>Object\Button</Filter>
    </ClCompile>
    <ClCompile Include="LevelManager.cpp">
      <Filter>LevelManager</Filter>
    </ClCompile>
    <ClCompile Include="jsoncpp.cpp">
      <Filter>JSON</Filter>
    </ClCompile>
    <ClCompile Include="json\JsonClass.cpp">
      <Filter>JSON</Filter>
    </ClCompile>
    <ClCompile Include="TUMath.cpp">
      <Filter>Source Files</Filter>
    </ClCompile>
    <ClCompile Include="Sprite.cpp">
      <Filter>Graphics</Filter>
    </ClCompile>
    <ClCompile Include="Camera.cpp">
      <Filter>Graphics\Camera</Filter>
    </ClCompile>
    <ClCompile Include="TriggerC.cpp">
      <Filter>Object</Filter>
    </ClCompile>
    <ClCompile Include="GLSLProgram.cpp">
      <Filter>Graphics\Shader</Filter>
    </ClCompile>
    <ClCompile Include="ImguiGraphics.cpp">
      <Filter>IMGUIDEBUG</Filter>
    </ClCompile>
    <ClCompile Include="SpriteBatch.cpp">
      <Filter>Graphics</Filter>
    </ClCompile>
    <ClCompile Include="Animation.cpp">
      <Filter>Graphics</Filter>
    </ClCompile>
    <ClCompile Include="CameraMovement.cpp">
      <Filter>Graphics\Camera</Filter>
    </ClCompile>
    <ClCompile Include="GameLogic.cpp">
      <Filter>Object</Filter>
    </ClCompile>
    <ClCompile Include="Controller.cpp">
      <Filter>Object</Filter>
    </ClCompile>
    <ClCompile Include="cAutoMoving.cpp">
      <Filter>Object</Filter>
    </ClCompile>
    <ClCompile Include="ParticleManager.cpp">
      <Filter>Graphics\Particle</Filter>
    </ClCompile>
    <ClCompile Include="Particles.cpp">
      <Filter>Graphics\Particle</Filter>
    </ClCompile>
    <ClCompile Include="Archetype.cpp">
      <Filter>IMGUIDEBUG</Filter>
    </ClCompile>
  </ItemGroup>
  <ItemGroup>
    <ClInclude Include="DebugUtil.h">
      <Filter>Source Files</Filter>
    </ClInclude>
    <ClInclude Include="Engine.h">
      <Filter>Engine</Filter>
    </ClInclude>
    <ClInclude Include="System.h">
      <Filter>Engine</Filter>
    </ClInclude>
    <ClInclude Include="Application.h">
      <Filter>Application</Filter>
    </ClInclude>
    <ClInclude Include="Timer.h">
      <Filter>Timer</Filter>
    </ClInclude>
    <ClInclude Include="Input.h">
      <Filter>Application\Input</Filter>
    </ClInclude>
    <ClInclude Include="Mat44.h">
      <Filter>Source Files</Filter>
    </ClInclude>
    <ClInclude Include="Graphics.h">
      <Filter>Graphics</Filter>
    </ClInclude>
    <ClInclude Include="Component.h">
      <Filter>Object</Filter>
    </ClInclude>
    <ClInclude Include="Object.h">
      <Filter>Object</Filter>
    </ClInclude>
    <ClInclude Include="Transform.h">
      <Filter>Object\Transform</Filter>
    </ClInclude>
    <ClInclude Include="ComponentType.h">
      <Filter>Object</Filter>
    </ClInclude>
    <ClInclude Include="Factory.h">
      <Filter>Factory</Filter>
    </ClInclude>
    <ClInclude Include="Physics.h">
      <Filter>Physics</Filter>
    </ClInclude>
    <ClInclude Include="Body.h">
      <Filter>Physics</Filter>
    </ClInclude>
    <ClInclude Include="StateManager.h">
      <Filter>Statemanager</Filter>
    </ClInclude>
    <ClInclude Include="GameStateLists.h">
      <Filter>Statemanager</Filter>
    </ClInclude>
    <ClInclude Include="GameStateList.h">
      <Filter>Statemanager</Filter>
    </ClInclude>
    <ClInclude Include="BaseStage.h">
      <Filter>Statemanager</Filter>
    </ClInclude>
    <ClInclude Include="imconfig.h">
      <Filter>Imgui</Filter>
    </ClInclude>
    <ClInclude Include="imgui.h">
      <Filter>Imgui</Filter>
    </ClInclude>
    <ClInclude Include="imgui_impl_sdl_gl3.h">
      <Filter>Imgui</Filter>
    </ClInclude>
    <ClInclude Include="imgui_internal.h">
      <Filter>Imgui</Filter>
    </ClInclude>
    <ClInclude Include="stb_rect_pack.h">
      <Filter>Imgui</Filter>
    </ClInclude>
    <ClInclude Include="stb_textedit.h">
      <Filter>Imgui</Filter>
    </ClInclude>
    <ClInclude Include="stb_truetype.h">
      <Filter>Imgui</Filter>
    </ClInclude>
    <ClInclude Include="TE.h">
      <Filter>Source Files</Filter>
    </ClInclude>
    <ClInclude Include="SoundManager.h">
      <Filter>SoundManager</Filter>
    </ClInclude>
    <ClInclude Include="Button.h">
      <Filter>Object\Button</Filter>
    </ClInclude>
    <ClInclude Include="LevelManager.h">
      <Filter>LevelManager</Filter>
    </ClInclude>
    <ClInclude Include="json\json.h">
      <Filter>JSON</Filter>
    </ClInclude>
    <ClInclude Include="json\json-forwards.h">
      <Filter>JSON</Filter>
    </ClInclude>
    <ClInclude Include="json\JsonClass.h">
      <Filter>JSON</Filter>
    </ClInclude>
    <ClInclude Include="ObjectStyle.h">
      <Filter>Object</Filter>
    </ClInclude>
    <ClInclude Include="TUMath.h">
      <Filter>Source Files</Filter>
    </ClInclude>
    <ClInclude Include="Sprite.h">
      <Filter>Graphics</Filter>
    </ClInclude>
    <ClInclude Include="Camera.h">
      <Filter>Graphics\Camera</Filter>
    </ClInclude>
    <ClInclude Include="TriggerC.h">
      <Filter>Object</Filter>
    </ClInclude>
    <ClInclude Include="Vertex.h">
      <Filter>Graphics\Shader</Filter>
    </ClInclude>
    <ClInclude Include="GLSLProgram.h">
      <Filter>Graphics\Shader</Filter>
    </ClInclude>
    <ClInclude Include="ImguiGraphics.h">
      <Filter>IMGUIDEBUG</Filter>
    </ClInclude>
    <ClInclude Include="Type.h">
      <Filter>Physics</Filter>
    </ClInclude>
    <ClInclude Include="SpriteBatch.h">
      <Filter>Graphics</Filter>
    </ClInclude>
    <ClInclude Include="Animation.h">
      <Filter>Graphics</Filter>
    </ClInclude>
    <ClInclude Include="CameraMovement.h">
      <Filter>Graphics\Camera</Filter>
    </ClInclude>
    <ClInclude Include="GameLogic.h">
      <Filter>Object</Filter>
    </ClInclude>
    <ClInclude Include="Controller.h">
      <Filter>Object</Filter>
    </ClInclude>
    <ClInclude Include="cAutoMoving.h">
      <Filter>Object</Filter>
    </ClInclude>
    <ClInclude Include="ParticleManager.h">
      <Filter>Graphics\Particle</Filter>
    </ClInclude>
    <ClInclude Include="Particles.h">
      <Filter>Graphics\Particle</Filter>
    </ClInclude>
    <ClInclude Include="Archetype.h">
      <Filter>IMGUIDEBUG</Filter>
    </ClInclude>
    <ClInclude Include="vector3.h">
      <Filter>Statemanager</Filter>
    </ClInclude>
  </ItemGroup>
  <ItemGroup>
    <None Include="..\..\example\examples\shaders\TEGraphics.frag">
      <Filter>Graphics\Shader</Filter>
    </None>
    <None Include="..\..\example\examples\shaders\TEGraphics.vert">
      <Filter>Graphics\Shader</Filter>
    </None>
    <None Include="..\..\example\examples\shaders\TEParticle.frag">
      <Filter>Graphics\Shader</Filter>
    </None>
    <None Include="..\..\example\examples\shaders\TEParticle.vert">
      <Filter>Graphics\Shader</Filter>
    </None>
  </ItemGroup>
</Project>